
Microsoft Visual Studio Solution File, Format Version 12.00
# Visual Studio 15
VisualStudioVersion = 15.0.28307.1267
MinimumVisualStudioVersion = 10.0.40219.1
Project("{FAE04EC0-301F-11D3-BF4B-00C04F79EFBC}") = "Employee", "Employee\Employee.csproj", "{2E62B567-0016-44AF-972D-3C962CA82E02}"
EndProject
Global
	GlobalSection(SolutionConfigurationPlatforms) = preSolution
		Debug|Any CPU = Debug|Any CPU
		Release|Any CPU = Release|Any CPU
	EndGlobalSection
	GlobalSection(ProjectConfigurationPlatforms) = postSolution
		{2E62B567-0016-44AF-972D-3C962CA82E02}.Debug|Any CPU.ActiveCfg = Debug|Any CPU
		{2E62B567-0016-44AF-972D-3C962CA82E02}.Debug|Any CPU.Build.0 = Debug|Any CPU
		{2E62B567-0016-44AF-972D-3C962CA82E02}.Release|Any CPU.ActiveCfg = Release|Any CPU
		{2E62B567-0016-44AF-972D-3C962CA82E02}.Release|Any CPU.Build.0 = Release|Any CPU
	EndGlobalSection
	GlobalSection(SolutionProperties) = preSolution
		HideSolutionNode = FALSE
	EndGlobalSection
	GlobalSection(ExtensibilityGlobals) = postSolution
		SolutionGuid = {5A16C6F8-3B55-4954-9838-3C105F29DB21}
	EndGlobalSection
EndGlobal
